
Microsoft Visual Studio Solution File, Format Version 12.00
# Visual Studio Version 17
VisualStudioVersion = 17.0.32126.317
MinimumVisualStudioVersion = 10.0.40219.1
Project("{9A19103F-16F7-4668-BE54-9A1E7A4F7556}") = "TugaExchange", "TugaExchange.csproj", "{C11FECAD-9B38-4D4E-AD40-61273DA29F5C}"
EndProject
Global
	GlobalSection(SolutionConfigurationPlatforms) = preSolution
		Debug|Any CPU = Debug|Any CPU
		Release|Any CPU = Release|Any CPU
	EndGlobalSection
	GlobalSection(ProjectConfigurationPlatforms) = postSolution
		{C11FECAD-9B38-4D4E-AD40-61273DA29F5C}.Debug|Any CPU.ActiveCfg = Debug|Any CPU
		{C11FECAD-9B38-4D4E-AD40-61273DA29F5C}.Debug|Any CPU.Build.0 = Debug|Any CPU
		{C11FECAD-9B38-4D4E-AD40-61273DA29F5C}.Release|Any CPU.ActiveCfg = Release|Any CPU
		{C11FECAD-9B38-4D4E-AD40-61273DA29F5C}.Release|Any CPU.Build.0 = Release|Any CPU
	EndGlobalSection
	GlobalSection(SolutionProperties) = preSolution
		HideSolutionNode = FALSE
	EndGlobalSection
	GlobalSection(ExtensibilityGlobals) = postSolution
		SolutionGuid = {0B51F860-AA1F-4497-A286-5EB26848F4A7}
	EndGlobalSection
EndGlobal
